
Microsoft Visual Studio Solution File, Format Version 12.00
# Visual Studio Version 16
VisualStudioVersion = 16.0.30413.136
MinimumVisualStudioVersion = 10.0.40219.1
Project("{FAE04EC0-301F-11D3-BF4B-00C04F79EFBC}") = "idz8", "idz8\idz8.csproj", "{89696952-AF7E-4255-A99D-CDA1E078122A}"
EndProject
Global
	GlobalSection(SolutionConfigurationPlatforms) = preSolution
		Debug|Any CPU = Debug|Any CPU
		Release|Any CPU = Release|Any CPU
	EndGlobalSection
	GlobalSection(ProjectConfigurationPlatforms) = postSolution
		{89696952-AF7E-4255-A99D-CDA1E078122A}.Debug|Any CPU.ActiveCfg = Debug|Any CPU
		{89696952-AF7E-4255-A99D-CDA1E078122A}.Debug|Any CPU.Build.0 = Debug|Any CPU
		{89696952-AF7E-4255-A99D-CDA1E078122A}.Release|Any CPU.ActiveCfg = Release|Any CPU
		{89696952-AF7E-4255-A99D-CDA1E078122A}.Release|Any CPU.Build.0 = Release|Any CPU
	EndGlobalSection
	GlobalSection(SolutionProperties) = preSolution
		HideSolutionNode = FALSE
	EndGlobalSection
	GlobalSection(ExtensibilityGlobals) = postSolution
		SolutionGuid = {ADBC450D-AAE9-47CE-AFCC-8F1B375C205C}
	EndGlobalSection
EndGlobal
